
Microsoft Visual Studio Solution File, Format Version 12.00
# Visual Studio Version 16
VisualStudioVersion = 16.0.31129.286
MinimumVisualStudioVersion = 10.0.40219.1
Project("{FAE04EC0-301F-11D3-BF4B-00C04F79EFBC}") = "ThreadingCounter-KP", "ThreadingCounter-KP\ThreadingCounter-KP.csproj", "{B220CD5F-13B3-493D-BE9D-8FD43C408C24}"
EndProject
Global
	GlobalSection(SolutionConfigurationPlatforms) = preSolution
		Debug|Any CPU = Debug|Any CPU
		Release|Any CPU = Release|Any CPU
	EndGlobalSection
	GlobalSection(ProjectConfigurationPlatforms) = postSolution
		{B220CD5F-13B3-493D-BE9D-8FD43C408C24}.Debug|Any CPU.ActiveCfg = Debug|Any CPU
		{B220CD5F-13B3-493D-BE9D-8FD43C408C24}.Debug|Any CPU.Build.0 = Debug|Any CPU
		{B220CD5F-13B3-493D-BE9D-8FD43C408C24}.Release|Any CPU.ActiveCfg = Release|Any CPU
		{B220CD5F-13B3-493D-BE9D-8FD43C408C24}.Release|Any CPU.Build.0 = Release|Any CPU
	EndGlobalSection
	GlobalSection(SolutionProperties) = preSolution
		HideSolutionNode = FALSE
	EndGlobalSection
	GlobalSection(ExtensibilityGlobals) = postSolution
		SolutionGuid = {E6948163-7F86-4639-8823-84BFA667E02B}
	EndGlobalSection
EndGlobal
