
Microsoft Visual Studio Solution File, Format Version 12.00
# Visual Studio Version 16
VisualStudioVersion = 16.0.31424.327
MinimumVisualStudioVersion = 10.0.40219.1
Project("{9A19103F-16F7-4668-BE54-9A1E7A4F7556}") = "DayOfWeek", "DayOfWeek\DayOfWeek.csproj", "{DD85CF55-4F82-45A0-A418-21FA1FF64715}"
EndProject
Project("{9A19103F-16F7-4668-BE54-9A1E7A4F7556}") = "ReverseNumbers", "ReverseNumbers\ReverseNumbers.csproj", "{0FD783BD-D51C-422A-BB0B-FA71975E3B07}"
EndProject
Project("{9A19103F-16F7-4668-BE54-9A1E7A4F7556}") = "ReverseString", "ReverseString\ReverseString.csproj", "{6C72909E-9693-487B-8AE7-9E5FA736CD37}"
EndProject
Project("{9A19103F-16F7-4668-BE54-9A1E7A4F7556}") = "SumEvenNums", "SumEvenNums\SumEvenNums.csproj", "{00DB6ADF-9EE0-433A-8704-C2C66C679213}"
EndProject
Project("{FAE04EC0-301F-11D3-BF4B-00C04F79EFBC}") = "ListOfNames", "ListOfNames\ListOfNames.csproj", "{D9647DE3-8D76-4677-B46B-72741C3DEA70}"
EndProject
Project("{FAE04EC0-301F-11D3-BF4B-00C04F79EFBC}") = "PrintEvenNumbers", "PrintEvenNumbers\PrintEvenNumbers.csproj", "{000C5361-A30E-491E-85D8-EDE7E92E18E5}"
EndProject
Global
	GlobalSection(SolutionConfigurationPlatforms) = preSolution
		Debug|Any CPU = Debug|Any CPU
		Release|Any CPU = Release|Any CPU
	EndGlobalSection
	GlobalSection(ProjectConfigurationPlatforms) = postSolution
		{DD85CF55-4F82-45A0-A418-21FA1FF64715}.Debug|Any CPU.ActiveCfg = Debug|Any CPU
		{DD85CF55-4F82-45A0-A418-21FA1FF64715}.Debug|Any CPU.Build.0 = Debug|Any CPU
		{DD85CF55-4F82-45A0-A418-21FA1FF64715}.Release|Any CPU.ActiveCfg = Release|Any CPU
		{DD85CF55-4F82-45A0-A418-21FA1FF64715}.Release|Any CPU.Build.0 = Release|Any CPU
		{0FD783BD-D51C-422A-BB0B-FA71975E3B07}.Debug|Any CPU.ActiveCfg = Debug|Any CPU
		{0FD783BD-D51C-422A-BB0B-FA71975E3B07}.Debug|Any CPU.Build.0 = Debug|Any CPU
		{0FD783BD-D51C-422A-BB0B-FA71975E3B07}.Release|Any CPU.ActiveCfg = Release|Any CPU
		{0FD783BD-D51C-422A-BB0B-FA71975E3B07}.Release|Any CPU.Build.0 = Release|Any CPU
		{6C72909E-9693-487B-8AE7-9E5FA736CD37}.Debug|Any CPU.ActiveCfg = Debug|Any CPU
		{6C72909E-9693-487B-8AE7-9E5FA736CD37}.Debug|Any CPU.Build.0 = Debug|Any CPU
		{6C72909E-9693-487B-8AE7-9E5FA736CD37}.Release|Any CPU.ActiveCfg = Release|Any CPU
		{6C72909E-9693-487B-8AE7-9E5FA736CD37}.Release|Any CPU.Build.0 = Release|Any CPU
		{00DB6ADF-9EE0-433A-8704-C2C66C679213}.Debug|Any CPU.ActiveCfg = Debug|Any CPU
		{00DB6ADF-9EE0-433A-8704-C2C66C679213}.Debug|Any CPU.Build.0 = Debug|Any CPU
		{00DB6ADF-9EE0-433A-8704-C2C66C679213}.Release|Any CPU.ActiveCfg = Release|Any CPU
		{00DB6ADF-9EE0-433A-8704-C2C66C679213}.Release|Any CPU.Build.0 = Release|Any CPU
		{D9647DE3-8D76-4677-B46B-72741C3DEA70}.Debug|Any CPU.ActiveCfg = Debug|Any CPU
		{D9647DE3-8D76-4677-B46B-72741C3DEA70}.Debug|Any CPU.Build.0 = Debug|Any CPU
		{D9647DE3-8D76-4677-B46B-72741C3DEA70}.Release|Any CPU.ActiveCfg = Release|Any CPU
		{D9647DE3-8D76-4677-B46B-72741C3DEA70}.Release|Any CPU.Build.0 = Release|Any CPU
		{000C5361-A30E-491E-85D8-EDE7E92E18E5}.Debug|Any CPU.ActiveCfg = Debug|Any CPU
		{000C5361-A30E-491E-85D8-EDE7E92E18E5}.Debug|Any CPU.Build.0 = Debug|Any CPU
		{000C5361-A30E-491E-85D8-EDE7E92E18E5}.Release|Any CPU.ActiveCfg = Release|Any CPU
		{000C5361-A30E-491E-85D8-EDE7E92E18E5}.Release|Any CPU.Build.0 = Release|Any CPU
	EndGlobalSection
	GlobalSection(SolutionProperties) = preSolution
		HideSolutionNode = FALSE
	EndGlobalSection
	GlobalSection(ExtensibilityGlobals) = postSolution
		SolutionGuid = {077EBF5A-2C37-46D1-9CC5-81DBFAF116B0}
	EndGlobalSection
EndGlobal
