
Microsoft Visual Studio Solution File, Format Version 12.00
# Visual Studio Version 16
VisualStudioVersion = 16.0.31424.327
MinimumVisualStudioVersion = 10.0.40219.1
Project("{FAE04EC0-301F-11D3-BF4B-00C04F79EFBC}") = "CompanyDB", "CompanyDB\CompanyDB.csproj", "{02AC56D6-3E47-444C-BD81-6D845E33B630}"
EndProject
Global
	GlobalSection(SolutionConfigurationPlatforms) = preSolution
		Debug|Any CPU = Debug|Any CPU
		Release|Any CPU = Release|Any CPU
	EndGlobalSection
	GlobalSection(ProjectConfigurationPlatforms) = postSolution
		{02AC56D6-3E47-444C-BD81-6D845E33B630}.Debug|Any CPU.ActiveCfg = Debug|Any CPU
		{02AC56D6-3E47-444C-BD81-6D845E33B630}.Debug|Any CPU.Build.0 = Debug|Any CPU
		{02AC56D6-3E47-444C-BD81-6D845E33B630}.Release|Any CPU.ActiveCfg = Release|Any CPU
		{02AC56D6-3E47-444C-BD81-6D845E33B630}.Release|Any CPU.Build.0 = Release|Any CPU
	EndGlobalSection
	GlobalSection(SolutionProperties) = preSolution
		HideSolutionNode = FALSE
	EndGlobalSection
	GlobalSection(ExtensibilityGlobals) = postSolution
		SolutionGuid = {116A6C83-48E1-40BE-97FF-B35F5F388BE6}
	EndGlobalSection
EndGlobal
